
Microsoft Visual Studio Solution File, Format Version 12.00
# Visual Studio Version 16
VisualStudioVersion = 16.0.30320.27
MinimumVisualStudioVersion = 10.0.40219.1
Project("{FAE04EC0-301F-11D3-BF4B-00C04F79EFBC}") = "WebAPI", "WebAPI\WebAPI.csproj", "{484C35B1-955B-4B78-9393-B41B7A876970}"
EndProject
Global
	GlobalSection(SolutionConfigurationPlatforms) = preSolution
		Debug|Any CPU = Debug|Any CPU
		Release|Any CPU = Release|Any CPU
	EndGlobalSection
	GlobalSection(ProjectConfigurationPlatforms) = postSolution
		{484C35B1-955B-4B78-9393-B41B7A876970}.Debug|Any CPU.ActiveCfg = Debug|Any CPU
		{484C35B1-955B-4B78-9393-B41B7A876970}.Debug|Any CPU.Build.0 = Debug|Any CPU
		{484C35B1-955B-4B78-9393-B41B7A876970}.Release|Any CPU.ActiveCfg = Release|Any CPU
		{484C35B1-955B-4B78-9393-B41B7A876970}.Release|Any CPU.Build.0 = Release|Any CPU
	EndGlobalSection
	GlobalSection(SolutionProperties) = preSolution
		HideSolutionNode = FALSE
	EndGlobalSection
	GlobalSection(ExtensibilityGlobals) = postSolution
		SolutionGuid = {9D1AA15D-ADC9-4689-B0E0-876CDDF12C42}
	EndGlobalSection
EndGlobal
